
Microsoft Visual Studio Solution File, Format Version 12.00
# Visual Studio 2012
Project("{FAE04EC0-301F-11D3-BF4B-00C04F79EFBC}") = "JamMasterMix1", "JamMasterMix1.csproj", "{59ABD5AC-ED45-4428-958E-B669CE70BF7B}"
EndProject
Global
	GlobalSection(SolutionConfigurationPlatforms) = preSolution
		Debug|Any CPU = Debug|Any CPU
		Release|Any CPU = Release|Any CPU
	EndGlobalSection
	GlobalSection(ProjectConfigurationPlatforms) = postSolution
		{59ABD5AC-ED45-4428-958E-B669CE70BF7B}.Debug|Any CPU.ActiveCfg = Debug|Any CPU
		{59ABD5AC-ED45-4428-958E-B669CE70BF7B}.Debug|Any CPU.Build.0 = Debug|Any CPU
		{59ABD5AC-ED45-4428-958E-B669CE70BF7B}.Release|Any CPU.ActiveCfg = Release|Any CPU
		{59ABD5AC-ED45-4428-958E-B669CE70BF7B}.Release|Any CPU.Build.0 = Release|Any CPU
	EndGlobalSection
EndGlobal
